// !$*UTF8*$!
{
	archiveVersion = 1;
	classes = {
	};
	objectVersion = 77;
	objects = {

/* Begin PBXBuildFile section */
		E28F5BAC2FD87947003051C5 /* TactileMapCore in Frameworks */ = {isa = PBXBuildFile; productRef = E28F5BAB2FD87947003051C5 /* TactileMapCore */; };
		E28F5BAE2FD87947003051C5 /* TactileMapFeedback in Frameworks */ = {isa = PBXBuildFile; productRef = E28F5BAD2FD87947003051C5 /* TactileMapFeedback */; };
		E28F5BB02FD87947003051C5 /* TactileMapKit in Frameworks */ = {isa = PBXBuildFile; productRef = E28F5BAF2FD87947003051C5 /* TactileMapKit */; };
		E28F5BB22FD87947003051C5 /* TactileMapLogging in Frameworks */ = {isa = PBXBuildFile; productRef = E28F5BB12FD87947003051C5 /* TactileMapLogging */; };
		E28F5BB42FD87947003051C5 /* TactileMapView in Frameworks */ = {isa = PBXBuildFile; productRef = E28F5BB32FD87947003051C5 /* TactileMapView */; };
/* End PBXBuildFile section */

/* Begin PBXFileReference section */
		E2DFE5362FD73F9A009569F8 /* Project MultiNav App.app */ = {isa = PBXFileReference; explicitFileType = wrapper.application; includeInIndex = 0; path = "Project MultiNav App.app"; sourceTree = BUILT_PRODUCTS_DIR; };
/* End PBXFileReference section */

/* Begin PBXFileSystemSynchronizedRootGroup section */
		E2DFE5382FD73F9A009569F8 /* Project MultiNav App */ = {
			isa = PBXFileSystemSynchronizedRootGroup;
			path = "Project MultiNav App";
			sourceTree = "<group>";
		};
/* End PBXFileSystemSynchronizedRootGroup section */

/* Begin PBXFrameworksBuildPhase section */
		E2DFE5332FD73F9A009569F8 /* Frameworks */ = {
			isa = PBXFrameworksBuildPhase;
			buildActionMask = 2147483647;
			files = (
				E28F5BB42FD87947003051C5 /* TactileMapView in Frameworks */,
				E28F5BB22FD87947003051C5 /* TactileMapLogging in Frameworks */,
				E28F5BB02FD87947003051C5 /* TactileMapKit in Frameworks */,
				E28F5BAC2FD87947003051C5 /* TactileMapCore in Frameworks */,
				E28F5BAE2FD87947003051C5 /* TactileMapFeedback in Frameworks */,
			);
			runOnlyForDeploymentPostprocessing = 0;
		};
/* End PBXFrameworksBuildPhase section */

/* Begin PBXGroup section */
		E2DFE52D2FD73F9A009569F8 = {
			isa = PBXGroup;
			children = (
				E2DFE5382FD73F9A009569F8 /* Project MultiNav App */,
				E2DFE5372FD73F9A009569F8 /* Products */,
			);
			sourceTree = "<group>";
		};
		E2DFE5372FD73F9A009569F8 /* Products */ = {
			isa = PBXGroup;
			children = (
				E2DFE5362FD73F9A009569F8 /* Project MultiNav App.app */,
			);
			name = Products;
			sourceTree = "<group>";
		};
/* End PBXGroup section */

/* Begin PBXNativeTarget section */
		E2DFE5352FD73F9A009569F8 /* Project MultiNav App */ = {
			isa = PBXNativeTarget;
			buildConfigurationList = E2DFE5412FD73F9B009569F8 /* Build configuration list for PBXNativeTarget "Project MultiNav App" */;
			buildPhases = (
				E2DFE5322FD73F9A009569F8 /* Sources */,
				E2DFE5332FD73F9A009569F8 /* Frameworks */,
				E2DFE5342FD73F9A009569F8 /* Resources */,
			);
			buildRules = (
			);
			dependencies = (
			);
			fileSystemSynchronizedGroups = (
				E2DFE5382FD73F9A009569F8 /* Project MultiNav App */,
			);
			name = "Project MultiNav App";
			packageProductDependencies = (
				E28F5BAB2FD87947003051C5 /* TactileMapCore */,
				E28F5BAD2FD87947003051C5 /* TactileMapFeedback */,
				E28F5BAF2FD87947003051C5 /* TactileMapKit */,
				E28F5BB12FD87947003051C5 /* TactileMapLogging */,
				E28F5BB32FD87947003051C5 /* TactileMapView */,
			);
			productName = "Project MultiNav App";
			productReference = E2DFE5362FD73F9A009569F8 /* Project MultiNav App.app */;
			productType = "com.apple.product-type.application";
		};
/* End PBXNativeTarget section */

/* Begin PBXProject section */
		E2DFE52E2FD73F9A009569F8 /* Project object */ = {
			isa = PBXProject;
			attributes = {
				BuildIndependentTargetsInParallel = 1;
				LastSwiftUpdateCheck = 2650;
				LastUpgradeCheck = 2650;
				TargetAttributes = {
					E2DFE5352FD73F9A009569F8 = {
						CreatedOnToolsVersion = 26.5;
					};
				};
			};
			buildConfigurationList = E2DFE5312FD73F9A009569F8 /* Build configuration list for PBXProject "Project MultiNav App" */;
			developmentRegion = en;
			hasScannedForEncodings = 0;
			knownRegions = (
				en,
				Base,
			);
			mainGroup = E2DFE52D2FD73F9A009569F8;
			minimizedProjectReferenceProxies = 1;
			packageReferences = (
				E28F5BAA2FD87947003051C5 /* XCRemoteSwiftPackageReference "ProjectMultiNav" */,
			);
			preferredProjectObjectVersion = 77;
			productRefGroup = E2DFE5372FD73F9A009569F8 /* Products */;
			projectDirPath = "";
			projectRoot = "";
			targets = (
				E2DFE5352FD73F9A009569F8 /* Project MultiNav App */,
			);
		};
/* End PBXProject section */

/* Begin PBXResourcesBuildPhase section */
		E2DFE5342FD73F9A009569F8 /* Resources */ = {
			isa = PBXResourcesBuildPhase;
			buildActionMask = 2147483647;
			files = (
			);
			runOnlyForDeploymentPostprocessing = 0;
		};
/* End PBXResourcesBuildPhase section */

/* Begin PBXSourcesBuildPhase section */
		E2DFE5322FD73F9A009569F8 /* Sources */ = {
			isa = PBXSourcesBuildPhase;
			buildActionMask = 2147483647;
			files = (
			);
			runOnlyForDeploymentPostprocessing = 0;
		};
/* End PBXSourcesBuildPhase section */

/* Begin XCBuildConfiguration section */
		E2DFE53F2FD73F9B009569F8 /* Debug */ = {
			isa = XCBuildConfiguration;
			buildSettings = {
				ALWAYS_SEARCH_USER_PATHS = NO;
				ASSETCATALOG_COMPILER_GENERATE_SWIFT_ASSET_SYMBOL_EXTENSIONS = YES;
				CLANG_ANALYZER_NONNULL = YES;
				CLANG_ANALYZER_NUMBER_OBJECT_CONVERSION = YES_AGGRESSIVE;
				CLANG_CXX_LANGUAGE_STANDARD = "gnu++20";
				CLANG_ENABLE_MODULES = YES;
				CLANG_ENABLE_OBJC_ARC = YES;
				CLANG_ENABLE_OBJC_WEAK = YES;
				CLANG_WARN_BLOCK_CAPTURE_AUTORELEASING = YES;
				CLANG_WARN_BOOL_CONVERSION = YES;
				CLANG_WARN_COMMA = YES;
				CLANG_WARN_CONSTANT_CONVERSION = YES;
				CLANG_WARN_DEPRECATED_OBJC_IMPLEMENTATIONS = YES;
				CLANG_WARN_DIRECT_OBJC_ISA_USAGE = YES_ERROR;
				CLANG_WARN_DOCUMENTATION_COMMENTS = YES;
				CLANG_WARN_EMPTY_BODY = YES;
				CLANG_WARN_ENUM_CONVERSION = YES;
				CLANG_WARN_INFINITE_RECURSION = YES;
				CLANG_WARN_INT_CONVERSION = YES;
				CLANG_WARN_NON_LITERAL_NULL_CONVERSION = YES;
				CLANG_WARN_OBJC_IMPLICIT_RETAIN_SELF = YES;
				CLANG_WARN_OBJC_LITERAL_CONVERSION = YES;
				CLANG_WARN_OBJC_ROOT_CLASS = YES_ERROR;
				CLANG_WARN_QUOTED_INCLUDE_IN_FRAMEWORK_HEADER = YES;
				CLANG_WARN_RANGE_LOOP_ANALYSIS = YES;
				CLANG_WARN_STRICT_PROTOTYPES = YES;
				CLANG_WARN_SUSPICIOUS_MOVE = YES;
				CLANG_WARN_UNGUARDED_AVAILABILITY = YES_AGGRESSIVE;
				CLANG_WARN_UNREACHABLE_CODE = YES;
				CLANG_WARN__DUPLICATE_METHOD_MATCH = YES;
				COPY_PHASE_STRIP = NO;
				DEBUG_INFORMATION_FORMAT = dwarf;
				DEVELOPMENT_TEAM = YKQC794592;
				ENABLE_STRICT_OBJC_MSGSEND = YES;
				ENABLE_TESTABILITY = YES;
				ENABLE_USER_SCRIPT_SANDBOXING = YES;
				GCC_C_LANGUAGE_STANDARD = gnu17;
				GCC_DYNAMIC_NO_PIC = NO;
				GCC_NO_COMMON_BLOCKS = YES;
				GCC_OPTIMIZATION_LEVEL = 0;
				GCC_PREPROCESSOR_DEFINITIONS = (
					"DEBUG=1",
					"$(inherited)",
				);
				GCC_WARN_64_TO_32_BIT_CONVERSION = YES;
				GCC_WARN_ABOUT_RETURN_TYPE = YES_ERROR;
				GCC_WARN_UNDECLARED_SELECTOR = YES;
				GCC_WARN_UNINITIALIZED_AUTOS = YES_AGGRESSIVE;
				GCC_WARN_UNUSED_FUNCTION = YES;
				GCC_WARN_UNUSED_VARIABLE = YES;
				IPHONEOS_DEPLOYMENT_TARGET = 26.5;
				LOCALIZATION_PREFERS_STRING_CATALOGS = YES;
				MTL_ENABLE_DEBUG_INFO = INCLUDE_SOURCE;
				MTL_FAST_MATH = YES;
				ONLY_ACTIVE_ARCH = YES;
				SDKROOT = iphoneos;
				SWIFT_ACTIVE_COMPILATION_CONDITIONS = "DEBUG $(inherited)";
				SWIFT_OPTIMIZATION_LEVEL = "-Onone";
			};
			name = Debug;
		};
		E2DFE5402FD73F9B009569F8 /* Release */ = {
			isa = XCBuildConfiguration;
			buildSettings = {
				ALWAYS_SEARCH_USER_PATHS = NO;
				ASSETCATALOG_COMPILER_GENERATE_SWIFT_ASSET_SYMBOL_EXTENSIONS = YES;
				CLANG_ANALYZER_NONNULL = YES;
				CLANG_ANALYZER_NUMBER_OBJECT_CONVERSION = YES_AGGRESSIVE;
				CLANG_CXX_LANGUAGE_STANDARD = "gnu++20";
				CLANG_ENABLE_MODULES = YES;
				CLANG_ENABLE_OBJC_ARC = YES;
				CLANG_ENABLE_OBJC_WEAK = YES;
				CLANG_WARN_BLOCK_CAPTURE_AUTORELEASING = YES;
				CLANG_WARN_BOOL_CONVERSION = YES;
				CLANG_WARN_COMMA = YES;
				CLANG_WARN_CONSTANT_CONVERSION = YES;
				CLANG_WARN_DEPRECATED_OBJC_IMPLEMENTATIONS = YES;
				CLANG_WARN_DIRECT_OBJC_ISA_USAGE = YES_ERROR;
				CLANG_WARN_DOCUMENTATION_COMMENTS = YES;
				CLANG_WARN_EMPTY_BODY = YES;
				CLANG_WARN_ENUM_CONVERSION = YES;
				CLANG_WARN_INFINITE_RECURSION = YES;
				CLANG_WARN_INT_CONVERSION = YES;
				CLANG_WARN_NON_LITERAL_NULL_CONVERSION = YES;
				CLANG_WARN_OBJC_IMPLICIT_RETAIN_SELF = YES;
				CLANG_WARN_OBJC_LITERAL_CONVERSION = YES;
				CLANG_WARN_OBJC_ROOT_CLASS = YES_ERROR;
				CLANG_WARN_QUOTED_INCLUDE_IN_FRAMEWORK_HEADER = YES;
				CLANG_WARN_RANGE_LOOP_ANALYSIS = YES;
				CLANG_WARN_STRICT_PROTOTYPES = YES;
				CLANG_WARN_SUSPICIOUS_MOVE = YES;
				CLANG_WARN_UNGUARDED_AVAILABILITY = YES_AGGRESSIVE;
				CLANG_WARN_UNREACHABLE_CODE = YES;
				CLANG_WARN__DUPLICATE_METHOD_MATCH = YES;
				COPY_PHASE_STRIP = NO;
				DEBUG_INFORMATION_FORMAT = "dwarf-with-dsym";
				DEVELOPMENT_TEAM = YKQC794592;
				ENABLE_NS_ASSERTIONS = NO;
				ENABLE_STRICT_OBJC_MSGSEND = YES;
				ENABLE_USER_SCRIPT_SANDBOXING = YES;
				GCC_C_LANGUAGE_STANDARD = gnu17;
				GCC_NO_COMMON_BLOCKS = YES;
				GCC_WARN_64_TO_32_BIT_CONVERSION = YES;
				GCC_WARN_ABOUT_RETURN_TYPE = YES_ERROR;
				GCC_WARN_UNDECLARED_SELECTOR = YES;
				GCC_WARN_UNINITIALIZED_AUTOS = YES_AGGRESSIVE;
				GCC_WARN_UNUSED_FUNCTION = YES;
				GCC_WARN_UNUSED_VARIABLE = YES;
				IPHONEOS_DEPLOYMENT_TARGET = 26.5;
				LOCALIZATION_PREFERS_STRING_CATALOGS = YES;
				MTL_ENABLE_DEBUG_INFO = NO;
				MTL_FAST_MATH = YES;
				SDKROOT = iphoneos;
				SWIFT_COMPILATION_MODE = wholemodule;
				VALIDATE_PRODUCT = YES;
			};
			name = Release;
		};
		E2DFE5422FD73F9B009569F8 /* Debug */ = {
			isa = XCBuildConfiguration;
			buildSettings = {
				ASSETCATALOG_COMPILER_APPICON_NAME = AppIcon;
				ASSETCATALOG_COMPILER_GLOBAL_ACCENT_COLOR_NAME = AccentColor;
				CODE_SIGN_STYLE = Automatic;
				CURRENT_PROJECT_VERSION = 1;
				DEVELOPMENT_TEAM = YKQC794592;
				ENABLE_PREVIEWS = YES;
				GENERATE_INFOPLIST_FILE = YES;
				INFOPLIST_KEY_LSApplicationCategoryType = "public.app-category.navigation";
				INFOPLIST_KEY_UIApplicationSceneManifest_Generation = YES;
				INFOPLIST_KEY_UIApplicationSupportsIndirectInputEvents = YES;
				INFOPLIST_KEY_UILaunchScreen_Generation = YES;
				INFOPLIST_KEY_UIStatusBarStyle = UIStatusBarStyleDarkContent;
				INFOPLIST_KEY_UISupportedInterfaceOrientations_iPad = "UIInterfaceOrientationPortrait UIInterfaceOrientationPortraitUpsideDown UIInterfaceOrientationLandscapeLeft UIInterfaceOrientationLandscapeRight";
				INFOPLIST_KEY_UISupportedInterfaceOrientations_iPhone = "UIInterfaceOrientationPortrait UIInterfaceOrientationLandscapeLeft UIInterfaceOrientationLandscapeRight";
				LD_RUNPATH_SEARCH_PATHS = (
					"$(inherited)",
					"@executable_path/Frameworks",
				);
				MARKETING_VERSION = 1.0;
				PRODUCT_BUNDLE_IDENTIFIER = "WaiveLab.Project-MultiNav-App";
				PRODUCT_NAME = "$(TARGET_NAME)";
				STRING_CATALOG_GENERATE_SYMBOLS = YES;
				SWIFT_APPROACHABLE_CONCURRENCY = YES;
				SWIFT_DEFAULT_ACTOR_ISOLATION = MainActor;
				SWIFT_EMIT_LOC_STRINGS = YES;
				SWIFT_UPCOMING_FEATURE_MEMBER_IMPORT_VISIBILITY = YES;
				SWIFT_VERSION = 5.0;
				TARGETED_DEVICE_FAMILY = "1,2";
			};
			name = Debug;
		};
		E2DFE5432FD73F9B009569F8 /* Release */ = {
			isa = XCBuildConfiguration;
			buildSettings = {
				ASSETCATALOG_COMPILER_APPICON_NAME = AppIcon;
				ASSETCATALOG_COMPILER_GLOBAL_ACCENT_COLOR_NAME = AccentColor;
				CODE_SIGN_STYLE = Automatic;
				CURRENT_PROJECT_VERSION = 1;
				DEVELOPMENT_TEAM = YKQC794592;
				ENABLE_PREVIEWS = YES;
				GENERATE_INFOPLIST_FILE = YES;
				INFOPLIST_KEY_LSApplicationCategoryType = "public.app-category.navigation";
				INFOPLIST_KEY_UIApplicationSceneManifest_Generation = YES;
				INFOPLIST_KEY_UIApplicationSupportsIndirectInputEvents = YES;
				INFOPLIST_KEY_UILaunchScreen_Generation = YES;
				INFOPLIST_KEY_UIStatusBarStyle = UIStatusBarStyleDarkContent;
				INFOPLIST_KEY_UISupportedInterfaceOrientations_iPad = "UIInterfaceOrientationPortrait UIInterfaceOrientationPortraitUpsideDown UIInterfaceOrientationLandscapeLeft UIInterfaceOrientationLandscapeRight";
				INFOPLIST_KEY_UISupportedInterfaceOrientations_iPhone = "UIInterfaceOrientationPortrait UIInterfaceOrientationLandscapeLeft UIInterfaceOrientationLandscapeRight";
				LD_RUNPATH_SEARCH_PATHS = (
					"$(inherited)",
					"@executable_path/Frameworks",
				);
				MARKETING_VERSION = 1.0;
				PRODUCT_BUNDLE_IDENTIFIER = "WaiveLab.Project-MultiNav-App";
				PRODUCT_NAME = "$(TARGET_NAME)";
				STRING_CATALOG_GENERATE_SYMBOLS = YES;
				SWIFT_APPROACHABLE_CONCURRENCY = YES;
				SWIFT_DEFAULT_ACTOR_ISOLATION = MainActor;
				SWIFT_EMIT_LOC_STRINGS = YES;
				SWIFT_UPCOMING_FEATURE_MEMBER_IMPORT_VISIBILITY = YES;
				SWIFT_VERSION = 5.0;
				TARGETED_DEVICE_FAMILY = "1,2";
			};
			name = Release;
		};
/* End XCBuildConfiguration section */

/* Begin XCConfigurationList section */
		E2DFE5312FD73F9A009569F8 /* Build configuration list for PBXProject "Project MultiNav App" */ = {
			isa = XCConfigurationList;
			buildConfigurations = (
				E2DFE53F2FD73F9B009569F8 /* Debug */,
				E2DFE5402FD73F9B009569F8 /* Release */,
			);
			defaultConfigurationIsVisible = 0;
			defaultConfigurationName = Release;
		};
		E2DFE5412FD73F9B009569F8 /* Build configuration list for PBXNativeTarget "Project MultiNav App" */ = {
			isa = XCConfigurationList;
			buildConfigurations = (
				E2DFE5422FD73F9B009569F8 /* Debug */,
				E2DFE5432FD73F9B009569F8 /* Release */,
			);
			defaultConfigurationIsVisible = 0;
			defaultConfigurationName = Release;
		};
/* End XCConfigurationList section */

/* Begin XCRemoteSwiftPackageReference section */
		E28F5BAA2FD87947003051C5 /* XCRemoteSwiftPackageReference "ProjectMultiNav" */ = {
			isa = XCRemoteSwiftPackageReference;
			repositoryURL = "https://github.com/WaiveLab/ProjectMultiNav.git";
			requirement = {
				branch = main;
				kind = branch;
			};
		};
/* End XCRemoteSwiftPackageReference section */

/* Begin XCSwiftPackageProductDependency section */
		E28F5BAB2FD87947003051C5 /* TactileMapCore */ = {
			isa = XCSwiftPackageProductDependency;
			package = E28F5BAA2FD87947003051C5 /* XCRemoteSwiftPackageReference "ProjectMultiNav" */;
			productName = TactileMapCore;
		};
		E28F5BAD2FD87947003051C5 /* TactileMapFeedback */ = {
			isa = XCSwiftPackageProductDependency;
			package = E28F5BAA2FD87947003051C5 /* XCRemoteSwiftPackageReference "ProjectMultiNav" */;
			productName = TactileMapFeedback;
		};
		E28F5BAF2FD87947003051C5 /* TactileMapKit */ = {
			isa = XCSwiftPackageProductDependency;
			package = E28F5BAA2FD87947003051C5 /* XCRemoteSwiftPackageReference "ProjectMultiNav" */;
			productName = TactileMapKit;
		};
		E28F5BB12FD87947003051C5 /* TactileMapLogging */ = {
			isa = XCSwiftPackageProductDependency;
			package = E28F5BAA2FD87947003051C5 /* XCRemoteSwiftPackageReference "ProjectMultiNav" */;
			productName = TactileMapLogging;
		};
		E28F5BB32FD87947003051C5 /* TactileMapView */ = {
			isa = XCSwiftPackageProductDependency;
			package = E28F5BAA2FD87947003051C5 /* XCRemoteSwiftPackageReference "ProjectMultiNav" */;
			productName = TactileMapView;
		};
/* End XCSwiftPackageProductDependency section */
	};
	rootObject = E2DFE52E2FD73F9A009569F8 /* Project object */;
}
