{
  "originHash" : "756f51d7fda0b245200b1a2ec62729bd949786addf6ae59d5932c81d18b16f20",
  "pins" : [
    {
      "identity" : "projectmultinav",
      "kind" : "remoteSourceControl",
      "location" : "https://github.com/WaiveLab/ProjectMultiNav.git",
      "state" : {
        "branch" : "main",
        "revision" : "599f9373c08cc82e16833ce177077bcd8cb25176"
      }
    }
  ],
  "version" : 3
}
